
Microsoft Visual Studio Solution File, Format Version 12.00
# Visual Studio 15
VisualStudioVersion = 15.0.28307.136
MinimumVisualStudioVersion = 10.0.40219.1
Project("{E24C65DC-7377-472B-9ABA-BC803B73C61A}") = "SSRSReport-old", "..\SSRSReport-old\", "{3E760537-CB8B-405B-828E-9E5399916FAF}"
	ProjectSection(WebsiteProperties) = preProject
		TargetFrameworkMoniker = ".NETFramework,Version%3Dv4.6"
		Debug.AspNetCompiler.VirtualPath = "/localhost_61631"
		Debug.AspNetCompiler.PhysicalPath = "..\SSRSReport-old\"
		Debug.AspNetCompiler.TargetPath = "PrecompiledWeb\localhost_61631\"
		Debug.AspNetCompiler.Updateable = "true"
		Debug.AspNetCompiler.ForceOverwrite = "true"
		Debug.AspNetCompiler.FixedNames = "false"
		Debug.AspNetCompiler.Debug = "True"
		Release.AspNetCompiler.VirtualPath = "/localhost_61631"
		Release.AspNetCompiler.PhysicalPath = "..\SSRSReport-old\"
		Release.AspNetCompiler.TargetPath = "PrecompiledWeb\localhost_61631\"
		Release.AspNetCompiler.Updateable = "true"
		Release.AspNetCompiler.ForceOverwrite = "true"
		Release.AspNetCompiler.FixedNames = "false"
		Release.AspNetCompiler.Debug = "False"
		VWDPort = "61631"
		SlnRelativePath = "..\SSRSReport-old\"
	EndProjectSection
EndProject
Global
	GlobalSection(SolutionConfigurationPlatforms) = preSolution
		Debug|Any CPU = Debug|Any CPU
	EndGlobalSection
	GlobalSection(ProjectConfigurationPlatforms) = postSolution
		{3E760537-CB8B-405B-828E-9E5399916FAF}.Debug|Any CPU.ActiveCfg = Debug|Any CPU
		{3E760537-CB8B-405B-828E-9E5399916FAF}.Debug|Any CPU.Build.0 = Debug|Any CPU
	EndGlobalSection
	GlobalSection(SolutionProperties) = preSolution
		HideSolutionNode = FALSE
	EndGlobalSection
	GlobalSection(ExtensibilityGlobals) = postSolution
		SolutionGuid = {F4CDA120-5CBA-4A31-A6DD-2BC5C017578D}
	EndGlobalSection
EndGlobal
